// !$*UTF8*$!
{
	archiveVersion = 1;
	classes = {
	};
	objectVersion = 56;
	objects = {

/* Begin PBXBuildFile section */
		E127BCA92C993FD600A0C646 /* AppDelegate.swift in Sources */ = {isa = PBXBuildFile; fileRef = E127BCA82C993FD600A0C646 /* AppDelegate.swift */; };
		E127BCAB2C993FD600A0C646 /* GameScene.sks in Resources */ = {isa = PBXBuildFile; fileRef = E127BCAA2C993FD600A0C646 /* GameScene.sks */; };
		E127BCAD2C993FD600A0C646 /* Actions.sks in Resources */ = {isa = PBXBuildFile; fileRef = E127BCAC2C993FD600A0C646 /* Actions.sks */; };
		E127BCAF2C993FD600A0C646 /* GameScene.swift in Sources */ = {isa = PBXBuildFile; fileRef = E127BCAE2C993FD600A0C646 /* GameScene.swift */; };
		E127BCB12C993FD600A0C646 /* GameViewController.swift in Sources */ = {isa = PBXBuildFile; fileRef = E127BCB02C993FD600A0C646 /* GameViewController.swift */; };
		E127BCB42C993FD600A0C646 /* Base in Resources */ = {isa = PBXBuildFile; fileRef = E127BCB32C993FD600A0C646 /* Base */; };
		E127BCB62C993FD800A0C646 /* Assets.xcassets in Resources */ = {isa = PBXBuildFile; fileRef = E127BCB52C993FD800A0C646 /* Assets.xcassets */; };
		E127BCB92C993FD800A0C646 /* Base in Resources */ = {isa = PBXBuildFile; fileRef = E127BCB82C993FD800A0C646 /* Base */; };
		E127BCC32C993FD800A0C646 /* sound2Tests.swift in Sources */ = {isa = PBXBuildFile; fileRef = E127BCC22C993FD800A0C646 /* sound2Tests.swift */; };
		E127BCCD2C993FD800A0C646 /* sound2UITests.swift in Sources */ = {isa = PBXBuildFile; fileRef = E127BCCC2C993FD800A0C646 /* sound2UITests.swift */; };
		E127BCCF2C993FD800A0C646 /* sound2UITestsLaunchTests.swift in Sources */ = {isa = PBXBuildFile; fileRef = E127BCCE2C993FD800A0C646 /* sound2UITestsLaunchTests.swift */; };
/* End PBXBuildFile section */

/* Begin PBXContainerItemProxy section */
		E127BCBF2C993FD800A0C646 /* PBXContainerItemProxy */ = {
			isa = PBXContainerItemProxy;
			containerPortal = E127BC9D2C993FD600A0C646 /* Project object */;
			proxyType = 1;
			remoteGlobalIDString = E127BCA42C993FD600A0C646;
			remoteInfo = sound2;
		};
		E127BCC92C993FD800A0C646 /* PBXContainerItemProxy */ = {
			isa = PBXContainerItemProxy;
			containerPortal = E127BC9D2C993FD600A0C646 /* Project object */;
			proxyType = 1;
			remoteGlobalIDString = E127BCA42C993FD600A0C646;
			remoteInfo = sound2;
		};
/* End PBXContainerItemProxy section */

/* Begin PBXFileReference section */
		E127BCA52C993FD600A0C646 /* sound2.app */ = {isa = PBXFileReference; explicitFileType = wrapper.application; includeInIndex = 0; path = sound2.app; sourceTree = BUILT_PRODUCTS_DIR; };
		E127BCA82C993FD600A0C646 /* AppDelegate.swift */ = {isa = PBXFileReference; lastKnownFileType = sourcecode.swift; path = AppDelegate.swift; sourceTree = "<group>"; };
		E127BCAA2C993FD600A0C646 /* GameScene.sks */ = {isa = PBXFileReference; lastKnownFileType = file.sks; path = GameScene.sks; sourceTree = "<group>"; };
		E127BCAC2C993FD600A0C646 /* Actions.sks */ = {isa = PBXFileReference; lastKnownFileType = file.sks; path = Actions.sks; sourceTree = "<group>"; };
		E127BCAE2C993FD600A0C646 /* GameScene.swift */ = {isa = PBXFileReference; lastKnownFileType = sourcecode.swift; path = GameScene.swift; sourceTree = "<group>"; };
		E127BCB02C993FD600A0C646 /* GameViewController.swift */ = {isa = PBXFileReference; lastKnownFileType = sourcecode.swift; path = GameViewController.swift; sourceTree = "<group>"; };
		E127BCB32C993FD600A0C646 /* Base */ = {isa = PBXFileReference; lastKnownFileType = file.storyboard; name = Base; path = Base.lproj/Main.storyboard; sourceTree = "<group>"; };
		E127BCB52C993FD800A0C646 /* Assets.xcassets */ = {isa = PBXFileReference; lastKnownFileType = folder.assetcatalog; path = Assets.xcassets; sourceTree = "<group>"; };
		E127BCB82C993FD800A0C646 /* Base */ = {isa = PBXFileReference; lastKnownFileType = file.storyboard; name = Base; path = Base.lproj/LaunchScreen.storyboard; sourceTree = "<group>"; };
		E127BCBE2C993FD800A0C646 /* sound2Tests.xctest */ = {isa = PBXFileReference; explicitFileType = wrapper.cfbundle; includeInIndex = 0; path = sound2Tests.xctest; sourceTree = BUILT_PRODUCTS_DIR; };
		E127BCC22C993FD800A0C646 /* sound2Tests.swift */ = {isa = PBXFileReference; lastKnownFileType = sourcecode.swift; path = sound2Tests.swift; sourceTree = "<group>"; };
		E127BCC82C993FD800A0C646 /* sound2UITests.xctest */ = {isa = PBXFileReference; explicitFileType = wrapper.cfbundle; includeInIndex = 0; path = sound2UITests.xctest; sourceTree = BUILT_PRODUCTS_DIR; };
		E127BCCC2C993FD800A0C646 /* sound2UITests.swift */ = {isa = PBXFileReference; lastKnownFileType = sourcecode.swift; path = sound2UITests.swift; sourceTree = "<group>"; };
		E127BCCE2C993FD800A0C646 /* sound2UITestsLaunchTests.swift */ = {isa = PBXFileReference; lastKnownFileType = sourcecode.swift; path = sound2UITestsLaunchTests.swift; sourceTree = "<group>"; };
/* End PBXFileReference section */

/* Begin PBXFrameworksBuildPhase section */
		E127BCA22C993FD600A0C646 /* Frameworks */ = {
			isa = PBXFrameworksBuildPhase;
			buildActionMask = 2147483647;
			files = (
			);
			runOnlyForDeploymentPostprocessing = 0;
		};
		E127BCBB2C993FD800A0C646 /* Frameworks */ = {
			isa = PBXFrameworksBuildPhase;
			buildActionMask = 2147483647;
			files = (
			);
			runOnlyForDeploymentPostprocessing = 0;
		};
		E127BCC52C993FD800A0C646 /* Frameworks */ = {
			isa = PBXFrameworksBuildPhase;
			buildActionMask = 2147483647;
			files = (
			);
			runOnlyForDeploymentPostprocessing = 0;
		};
/* End PBXFrameworksBuildPhase section */

/* Begin PBXGroup section */
		E127BC9C2C993FD600A0C646 = {
			isa = PBXGroup;
			children = (
				E127BCA72C993FD600A0C646 /* sound2 */,
				E127BCC12C993FD800A0C646 /* sound2Tests */,
				E127BCCB2C993FD800A0C646 /* sound2UITests */,
				E127BCA62C993FD600A0C646 /* Products */,
			);
			sourceTree = "<group>";
		};
		E127BCA62C993FD600A0C646 /* Products */ = {
			isa = PBXGroup;
			children = (
				E127BCA52C993FD600A0C646 /* sound2.app */,
				E127BCBE2C993FD800A0C646 /* sound2Tests.xctest */,
				E127BCC82C993FD800A0C646 /* sound2UITests.xctest */,
			);
			name = Products;
			sourceTree = "<group>";
		};
		E127BCA72C993FD600A0C646 /* sound2 */ = {
			isa = PBXGroup;
			children = (
				E127BCA82C993FD600A0C646 /* AppDelegate.swift */,
				E127BCAA2C993FD600A0C646 /* GameScene.sks */,
				E127BCAC2C993FD600A0C646 /* Actions.sks */,
				E127BCAE2C993FD600A0C646 /* GameScene.swift */,
				E127BCB02C993FD600A0C646 /* GameViewController.swift */,
				E127BCB22C993FD600A0C646 /* Main.storyboard */,
				E127BCB52C993FD800A0C646 /* Assets.xcassets */,
				E127BCB72C993FD800A0C646 /* LaunchScreen.storyboard */,
			);
			path = sound2;
			sourceTree = "<group>";
		};
		E127BCC12C993FD800A0C646 /* sound2Tests */ = {
			isa = PBXGroup;
			children = (
				E127BCC22C993FD800A0C646 /* sound2Tests.swift */,
			);
			path = sound2Tests;
			sourceTree = "<group>";
		};
		E127BCCB2C993FD800A0C646 /* sound2UITests */ = {
			isa = PBXGroup;
			children = (
				E127BCCC2C993FD800A0C646 /* sound2UITests.swift */,
				E127BCCE2C993FD800A0C646 /* sound2UITestsLaunchTests.swift */,
			);
			path = sound2UITests;
			sourceTree = "<group>";
		};
/* End PBXGroup section */

/* Begin PBXNativeTarget section */
		E127BCA42C993FD600A0C646 /* sound2 */ = {
			isa = PBXNativeTarget;
			buildConfigurationList = E127BCD22C993FD800A0C646 /* Build configuration list for PBXNativeTarget "sound2" */;
			buildPhases = (
				E127BCA12C993FD600A0C646 /* Sources */,
				E127BCA22C993FD600A0C646 /* Frameworks */,
				E127BCA32C993FD600A0C646 /* Resources */,
			);
			buildRules = (
			);
			dependencies = (
			);
			name = sound2;
			productName = sound2;
			productReference = E127BCA52C993FD600A0C646 /* sound2.app */;
			productType = "com.apple.product-type.application";
		};
		E127BCBD2C993FD800A0C646 /* sound2Tests */ = {
			isa = PBXNativeTarget;
			buildConfigurationList = E127BCD52C993FD800A0C646 /* Build configuration list for PBXNativeTarget "sound2Tests" */;
			buildPhases = (
				E127BCBA2C993FD800A0C646 /* Sources */,
				E127BCBB2C993FD800A0C646 /* Frameworks */,
				E127BCBC2C993FD800A0C646 /* Resources */,
			);
			buildRules = (
			);
			dependencies = (
				E127BCC02C993FD800A0C646 /* PBXTargetDependency */,
			);
			name = sound2Tests;
			productName = sound2Tests;
			productReference = E127BCBE2C993FD800A0C646 /* sound2Tests.xctest */;
			productType = "com.apple.product-type.bundle.unit-test";
		};
		E127BCC72C993FD800A0C646 /* sound2UITests */ = {
			isa = PBXNativeTarget;
			buildConfigurationList = E127BCD82C993FD800A0C646 /* Build configuration list for PBXNativeTarget "sound2UITests" */;
			buildPhases = (
				E127BCC42C993FD800A0C646 /* Sources */,
				E127BCC52C993FD800A0C646 /* Frameworks */,
				E127BCC62C993FD800A0C646 /* Resources */,
			);
			buildRules = (
			);
			dependencies = (
				E127BCCA2C993FD800A0C646 /* PBXTargetDependency */,
			);
			name = sound2UITests;
			productName = sound2UITests;
			productReference = E127BCC82C993FD800A0C646 /* sound2UITests.xctest */;
			productType = "com.apple.product-type.bundle.ui-testing";
		};
/* End PBXNativeTarget section */

/* Begin PBXProject section */
		E127BC9D2C993FD600A0C646 /* Project object */ = {
			isa = PBXProject;
			attributes = {
				BuildIndependentTargetsInParallel = 1;
				LastSwiftUpdateCheck = 1540;
				LastUpgradeCheck = 1540;
				TargetAttributes = {
					E127BCA42C993FD600A0C646 = {
						CreatedOnToolsVersion = 15.4;
					};
					E127BCBD2C993FD800A0C646 = {
						CreatedOnToolsVersion = 15.4;
						TestTargetID = E127BCA42C993FD600A0C646;
					};
					E127BCC72C993FD800A0C646 = {
						CreatedOnToolsVersion = 15.4;
						TestTargetID = E127BCA42C993FD600A0C646;
					};
				};
			};
			buildConfigurationList = E127BCA02C993FD600A0C646 /* Build configuration list for PBXProject "sound2" */;
			compatibilityVersion = "Xcode 14.0";
			developmentRegion = en;
			hasScannedForEncodings = 0;
			knownRegions = (
				en,
				Base,
			);
			mainGroup = E127BC9C2C993FD600A0C646;
			productRefGroup = E127BCA62C993FD600A0C646 /* Products */;
			projectDirPath = "";
			projectRoot = "";
			targets = (
				E127BCA42C993FD600A0C646 /* sound2 */,
				E127BCBD2C993FD800A0C646 /* sound2Tests */,
				E127BCC72C993FD800A0C646 /* sound2UITests */,
			);
		};
/* End PBXProject section */

/* Begin PBXResourcesBuildPhase section */
		E127BCA32C993FD600A0C646 /* Resources */ = {
			isa = PBXResourcesBuildPhase;
			buildActionMask = 2147483647;
			files = (
				E127BCAB2C993FD600A0C646 /* GameScene.sks in Resources */,
				E127BCB42C993FD600A0C646 /* Base in Resources */,
				E127BCB62C993FD800A0C646 /* Assets.xcassets in Resources */,
				E127BCAD2C993FD600A0C646 /* Actions.sks in Resources */,
				E127BCB92C993FD800A0C646 /* Base in Resources */,
			);
			runOnlyForDeploymentPostprocessing = 0;
		};
		E127BCBC2C993FD800A0C646 /* Resources */ = {
			isa = PBXResourcesBuildPhase;
			buildActionMask = 2147483647;
			files = (
			);
			runOnlyForDeploymentPostprocessing = 0;
		};
		E127BCC62C993FD800A0C646 /* Resources */ = {
			isa = PBXResourcesBuildPhase;
			buildActionMask = 2147483647;
			files = (
			);
			runOnlyForDeploymentPostprocessing = 0;
		};
/* End PBXResourcesBuildPhase section */

/* Begin PBXSourcesBuildPhase section */
		E127BCA12C993FD600A0C646 /* Sources */ = {
			isa = PBXSourcesBuildPhase;
			buildActionMask = 2147483647;
			files = (
				E127BCAF2C993FD600A0C646 /* GameScene.swift in Sources */,
				E127BCB12C993FD600A0C646 /* GameViewController.swift in Sources */,
				E127BCA92C993FD600A0C646 /* AppDelegate.swift in Sources */,
			);
			runOnlyForDeploymentPostprocessing = 0;
		};
		E127BCBA2C993FD800A0C646 /* Sources */ = {
			isa = PBXSourcesBuildPhase;
			buildActionMask = 2147483647;
			files = (
				E127BCC32C993FD800A0C646 /* sound2Tests.swift in Sources */,
			);
			runOnlyForDeploymentPostprocessing = 0;
		};
		E127BCC42C993FD800A0C646 /* Sources */ = {
			isa = PBXSourcesBuildPhase;
			buildActionMask = 2147483647;
			files = (
				E127BCCD2C993FD800A0C646 /* sound2UITests.swift in Sources */,
				E127BCCF2C993FD800A0C646 /* sound2UITestsLaunchTests.swift in Sources */,
			);
			runOnlyForDeploymentPostprocessing = 0;
		};
/* End PBXSourcesBuildPhase section */

/* Begin PBXTargetDependency section */
		E127BCC02C993FD800A0C646 /* PBXTargetDependency */ = {
			isa = PBXTargetDependency;
			target = E127BCA42C993FD600A0C646 /* sound2 */;
			targetProxy = E127BCBF2C993FD800A0C646 /* PBXContainerItemProxy */;
		};
		E127BCCA2C993FD800A0C646 /* PBXTargetDependency */ = {
			isa = PBXTargetDependency;
			target = E127BCA42C993FD600A0C646 /* sound2 */;
			targetProxy = E127BCC92C993FD800A0C646 /* PBXContainerItemProxy */;
		};
/* End PBXTargetDependency section */

/* Begin PBXVariantGroup section */
		E127BCB22C993FD600A0C646 /* Main.storyboard */ = {
			isa = PBXVariantGroup;
			children = (
				E127BCB32C993FD600A0C646 /* Base */,
			);
			name = Main.storyboard;
			sourceTree = "<group>";
		};
		E127BCB72C993FD800A0C646 /* LaunchScreen.storyboard */ = {
			isa = PBXVariantGroup;
			children = (
				E127BCB82C993FD800A0C646 /* Base */,
			);
			name = LaunchScreen.storyboard;
			sourceTree = "<group>";
		};
/* End PBXVariantGroup section */

/* Begin XCBuildConfiguration section */
		E127BCD02C993FD800A0C646 /* Debug */ = {
			isa = XCBuildConfiguration;
			buildSettings = {
				ALWAYS_SEARCH_USER_PATHS = NO;
				ASSETCATALOG_COMPILER_GENERATE_SWIFT_ASSET_SYMBOL_EXTENSIONS = YES;
				CLANG_ANALYZER_NONNULL = YES;
				CLANG_ANALYZER_NUMBER_OBJECT_CONVERSION = YES_AGGRESSIVE;
				CLANG_CXX_LANGUAGE_STANDARD = "gnu++20";
				CLANG_ENABLE_MODULES = YES;
				CLANG_ENABLE_OBJC_ARC = YES;
				CLANG_ENABLE_OBJC_WEAK = YES;
				CLANG_WARN_BLOCK_CAPTURE_AUTORELEASING = YES;
				CLANG_WARN_BOOL_CONVERSION = YES;
				CLANG_WARN_COMMA = YES;
				CLANG_WARN_CONSTANT_CONVERSION = YES;
				CLANG_WARN_DEPRECATED_OBJC_IMPLEMENTATIONS = YES;
				CLANG_WARN_DIRECT_OBJC_ISA_USAGE = YES_ERROR;
				CLANG_WARN_DOCUMENTATION_COMMENTS = YES;
				CLANG_WARN_EMPTY_BODY = YES;
				CLANG_WARN_ENUM_CONVERSION = YES;
				CLANG_WARN_INFINITE_RECURSION = YES;
				CLANG_WARN_INT_CONVERSION = YES;
				CLANG_WARN_NON_LITERAL_NULL_CONVERSION = YES;
				CLANG_WARN_OBJC_IMPLICIT_RETAIN_SELF = YES;
				CLANG_WARN_OBJC_LITERAL_CONVERSION = YES;
				CLANG_WARN_OBJC_ROOT_CLASS = YES_ERROR;
				CLANG_WARN_QUOTED_INCLUDE_IN_FRAMEWORK_HEADER = YES;
				CLANG_WARN_RANGE_LOOP_ANALYSIS = YES;
				CLANG_WARN_STRICT_PROTOTYPES = YES;
				CLANG_WARN_SUSPICIOUS_MOVE = YES;
				CLANG_WARN_UNGUARDED_AVAILABILITY = YES_AGGRESSIVE;
				CLANG_WARN_UNREACHABLE_CODE = YES;
				CLANG_WARN__DUPLICATE_METHOD_MATCH = YES;
				COPY_PHASE_STRIP = NO;
				DEBUG_INFORMATION_FORMAT = dwarf;
				ENABLE_STRICT_OBJC_MSGSEND = YES;
				ENABLE_TESTABILITY = YES;
				ENABLE_USER_SCRIPT_SANDBOXING = YES;
				GCC_C_LANGUAGE_STANDARD = gnu17;
				GCC_DYNAMIC_NO_PIC = NO;
				GCC_NO_COMMON_BLOCKS = YES;
				GCC_OPTIMIZATION_LEVEL = 0;
				GCC_PREPROCESSOR_DEFINITIONS = (
					"DEBUG=1",
					"$(inherited)",
				);
				GCC_WARN_64_TO_32_BIT_CONVERSION = YES;
				GCC_WARN_ABOUT_RETURN_TYPE = YES_ERROR;
				GCC_WARN_UNDECLARED_SELECTOR = YES;
				GCC_WARN_UNINITIALIZED_AUTOS = YES_AGGRESSIVE;
				GCC_WARN_UNUSED_FUNCTION = YES;
				GCC_WARN_UNUSED_VARIABLE = YES;
				IPHONEOS_DEPLOYMENT_TARGET = 17.5;
				LOCALIZATION_PREFERS_STRING_CATALOGS = YES;
				MTL_ENABLE_DEBUG_INFO = INCLUDE_SOURCE;
				MTL_FAST_MATH = YES;
				ONLY_ACTIVE_ARCH = YES;
				SDKROOT = iphoneos;
				SWIFT_ACTIVE_COMPILATION_CONDITIONS = "DEBUG $(inherited)";
				SWIFT_OPTIMIZATION_LEVEL = "-Onone";
			};
			name = Debug;
		};
		E127BCD12C993FD800A0C646 /* Release */ = {
			isa = XCBuildConfiguration;
			buildSettings = {
				ALWAYS_SEARCH_USER_PATHS = NO;
				ASSETCATALOG_COMPILER_GENERATE_SWIFT_ASSET_SYMBOL_EXTENSIONS = YES;
				CLANG_ANALYZER_NONNULL = YES;
				CLANG_ANALYZER_NUMBER_OBJECT_CONVERSION = YES_AGGRESSIVE;
				CLANG_CXX_LANGUAGE_STANDARD = "gnu++20";
				CLANG_ENABLE_MODULES = YES;
				CLANG_ENABLE_OBJC_ARC = YES;
				CLANG_ENABLE_OBJC_WEAK = YES;
				CLANG_WARN_BLOCK_CAPTURE_AUTORELEASING = YES;
				CLANG_WARN_BOOL_CONVERSION = YES;
				CLANG_WARN_COMMA = YES;
				CLANG_WARN_CONSTANT_CONVERSION = YES;
				CLANG_WARN_DEPRECATED_OBJC_IMPLEMENTATIONS = YES;
				CLANG_WARN_DIRECT_OBJC_ISA_USAGE = YES_ERROR;
				CLANG_WARN_DOCUMENTATION_COMMENTS = YES;
				CLANG_WARN_EMPTY_BODY = YES;
				CLANG_WARN_ENUM_CONVERSION = YES;
				CLANG_WARN_INFINITE_RECURSION = YES;
				CLANG_WARN_INT_CONVERSION = YES;
				CLANG_WARN_NON_LITERAL_NULL_CONVERSION = YES;
				CLANG_WARN_OBJC_IMPLICIT_RETAIN_SELF = YES;
				CLANG_WARN_OBJC_LITERAL_CONVERSION = YES;
				CLANG_WARN_OBJC_ROOT_CLASS = YES_ERROR;
				CLANG_WARN_QUOTED_INCLUDE_IN_FRAMEWORK_HEADER = YES;
				CLANG_WARN_RANGE_LOOP_ANALYSIS = YES;
				CLANG_WARN_STRICT_PROTOTYPES = YES;
				CLANG_WARN_SUSPICIOUS_MOVE = YES;
				CLANG_WARN_UNGUARDED_AVAILABILITY = YES_AGGRESSIVE;
				CLANG_WARN_UNREACHABLE_CODE = YES;
				CLANG_WARN__DUPLICATE_METHOD_MATCH = YES;
				COPY_PHASE_STRIP = NO;
				DEBUG_INFORMATION_FORMAT = "dwarf-with-dsym";
				ENABLE_NS_ASSERTIONS = NO;
				ENABLE_STRICT_OBJC_MSGSEND = YES;
				ENABLE_USER_SCRIPT_SANDBOXING = YES;
				GCC_C_LANGUAGE_STANDARD = gnu17;
				GCC_NO_COMMON_BLOCKS = YES;
				GCC_WARN_64_TO_32_BIT_CONVERSION = YES;
				GCC_WARN_ABOUT_RETURN_TYPE = YES_ERROR;
				GCC_WARN_UNDECLARED_SELECTOR = YES;
				GCC_WARN_UNINITIALIZED_AUTOS = YES_AGGRESSIVE;
				GCC_WARN_UNUSED_FUNCTION = YES;
				GCC_WARN_UNUSED_VARIABLE = YES;
				IPHONEOS_DEPLOYMENT_TARGET = 17.5;
				LOCALIZATION_PREFERS_STRING_CATALOGS = YES;
				MTL_ENABLE_DEBUG_INFO = NO;
				MTL_FAST_MATH = YES;
				SDKROOT = iphoneos;
				SWIFT_COMPILATION_MODE = wholemodule;
				VALIDATE_PRODUCT = YES;
			};
			name = Release;
		};
		E127BCD32C993FD800A0C646 /* Debug */ = {
			isa = XCBuildConfiguration;
			buildSettings = {
				ASSETCATALOG_COMPILER_APPICON_NAME = AppIcon;
				ASSETCATALOG_COMPILER_GLOBAL_ACCENT_COLOR_NAME = AccentColor;
				CODE_SIGN_STYLE = Automatic;
				CURRENT_PROJECT_VERSION = 1;
				DEVELOPMENT_TEAM = QQ24P4PD8V;
				GENERATE_INFOPLIST_FILE = YES;
				INFOPLIST_KEY_UIApplicationSupportsIndirectInputEvents = YES;
				INFOPLIST_KEY_UILaunchStoryboardName = LaunchScreen;
				INFOPLIST_KEY_UIMainStoryboardFile = Main;
				INFOPLIST_KEY_UIStatusBarHidden = YES;
				INFOPLIST_KEY_UISupportedInterfaceOrientations_iPad = "UIInterfaceOrientationPortrait UIInterfaceOrientationPortraitUpsideDown UIInterfaceOrientationLandscapeLeft UIInterfaceOrientationLandscapeRight";
				INFOPLIST_KEY_UISupportedInterfaceOrientations_iPhone = "UIInterfaceOrientationPortrait UIInterfaceOrientationLandscapeLeft UIInterfaceOrientationLandscapeRight";
				LD_RUNPATH_SEARCH_PATHS = (
					"$(inherited)",
					"@executable_path/Frameworks",
				);
				MARKETING_VERSION = 1.0;
				PRODUCT_BUNDLE_IDENTIFIER = test.sound2;
				PRODUCT_NAME = "$(TARGET_NAME)";
				SWIFT_EMIT_LOC_STRINGS = YES;
				SWIFT_VERSION = 5.0;
				TARGETED_DEVICE_FAMILY = "1,2";
			};
			name = Debug;
		};
		E127BCD42C993FD800A0C646 /* Release */ = {
			isa = XCBuildConfiguration;
			buildSettings = {
				ASSETCATALOG_COMPILER_APPICON_NAME = AppIcon;
				ASSETCATALOG_COMPILER_GLOBAL_ACCENT_COLOR_NAME = AccentColor;
				CODE_SIGN_STYLE = Automatic;
				CURRENT_PROJECT_VERSION = 1;
				DEVELOPMENT_TEAM = QQ24P4PD8V;
				GENERATE_INFOPLIST_FILE = YES;
				INFOPLIST_KEY_UIApplicationSupportsIndirectInputEvents = YES;
				INFOPLIST_KEY_UILaunchStoryboardName = LaunchScreen;
				INFOPLIST_KEY_UIMainStoryboardFile = Main;
				INFOPLIST_KEY_UIStatusBarHidden = YES;
				INFOPLIST_KEY_UISupportedInterfaceOrientations_iPad = "UIInterfaceOrientationPortrait UIInterfaceOrientationPortraitUpsideDown UIInterfaceOrientationLandscapeLeft UIInterfaceOrientationLandscapeRight";
				INFOPLIST_KEY_UISupportedInterfaceOrientations_iPhone = "UIInterfaceOrientationPortrait UIInterfaceOrientationLandscapeLeft UIInterfaceOrientationLandscapeRight";
				LD_RUNPATH_SEARCH_PATHS = (
					"$(inherited)",
					"@executable_path/Frameworks",
				);
				MARKETING_VERSION = 1.0;
				PRODUCT_BUNDLE_IDENTIFIER = test.sound2;
				PRODUCT_NAME = "$(TARGET_NAME)";
				SWIFT_EMIT_LOC_STRINGS = YES;
				SWIFT_VERSION = 5.0;
				TARGETED_DEVICE_FAMILY = "1,2";
			};
			name = Release;
		};
		E127BCD62C993FD800A0C646 /* Debug */ = {
			isa = XCBuildConfiguration;
			buildSettings = {
				ALWAYS_EMBED_SWIFT_STANDARD_LIBRARIES = YES;
				BUNDLE_LOADER = "$(TEST_HOST)";
				CODE_SIGN_STYLE = Automatic;
				CURRENT_PROJECT_VERSION = 1;
				DEVELOPMENT_TEAM = QQ24P4PD8V;
				GENERATE_INFOPLIST_FILE = YES;
				IPHONEOS_DEPLOYMENT_TARGET = 17.5;
				MARKETING_VERSION = 1.0;
				PRODUCT_BUNDLE_IDENTIFIER = test.sound2Tests;
				PRODUCT_NAME = "$(TARGET_NAME)";
				SWIFT_EMIT_LOC_STRINGS = NO;
				SWIFT_VERSION = 5.0;
				TARGETED_DEVICE_FAMILY = "1,2";
				TEST_HOST = "$(BUILT_PRODUCTS_DIR)/sound2.app/$(BUNDLE_EXECUTABLE_FOLDER_PATH)/sound2";
			};
			name = Debug;
		};
		E127BCD72C993FD800A0C646 /* Release */ = {
			isa = XCBuildConfiguration;
			buildSettings = {
				ALWAYS_EMBED_SWIFT_STANDARD_LIBRARIES = YES;
				BUNDLE_LOADER = "$(TEST_HOST)";
				CODE_SIGN_STYLE = Automatic;
				CURRENT_PROJECT_VERSION = 1;
				DEVELOPMENT_TEAM = QQ24P4PD8V;
				GENERATE_INFOPLIST_FILE = YES;
				IPHONEOS_DEPLOYMENT_TARGET = 17.5;
				MARKETING_VERSION = 1.0;
				PRODUCT_BUNDLE_IDENTIFIER = test.sound2Tests;
				PRODUCT_NAME = "$(TARGET_NAME)";
				SWIFT_EMIT_LOC_STRINGS = NO;
				SWIFT_VERSION = 5.0;
				TARGETED_DEVICE_FAMILY = "1,2";
				TEST_HOST = "$(BUILT_PRODUCTS_DIR)/sound2.app/$(BUNDLE_EXECUTABLE_FOLDER_PATH)/sound2";
			};
			name = Release;
		};
		E127BCD92C993FD800A0C646 /* Debug */ = {
			isa = XCBuildConfiguration;
			buildSettings = {
				ALWAYS_EMBED_SWIFT_STANDARD_LIBRARIES = YES;
				CODE_SIGN_STYLE = Automatic;
				CURRENT_PROJECT_VERSION = 1;
				DEVELOPMENT_TEAM = QQ24P4PD8V;
				GENERATE_INFOPLIST_FILE = YES;
				MARKETING_VERSION = 1.0;
				PRODUCT_BUNDLE_IDENTIFIER = test.sound2UITests;
				PRODUCT_NAME = "$(TARGET_NAME)";
				SWIFT_EMIT_LOC_STRINGS = NO;
				SWIFT_VERSION = 5.0;
				TARGETED_DEVICE_FAMILY = "1,2";
				TEST_TARGET_NAME = sound2;
			};
			name = Debug;
		};
		E127BCDA2C993FD800A0C646 /* Release */ = {
			isa = XCBuildConfiguration;
			buildSettings = {
				ALWAYS_EMBED_SWIFT_STANDARD_LIBRARIES = YES;
				CODE_SIGN_STYLE = Automatic;
				CURRENT_PROJECT_VERSION = 1;
				DEVELOPMENT_TEAM = QQ24P4PD8V;
				GENERATE_INFOPLIST_FILE = YES;
				MARKETING_VERSION = 1.0;
				PRODUCT_BUNDLE_IDENTIFIER = test.sound2UITests;
				PRODUCT_NAME = "$(TARGET_NAME)";
				SWIFT_EMIT_LOC_STRINGS = NO;
				SWIFT_VERSION = 5.0;
				TARGETED_DEVICE_FAMILY = "1,2";
				TEST_TARGET_NAME = sound2;
			};
			name = Release;
		};
/* End XCBuildConfiguration section */

/* Begin XCConfigurationList section */
		E127BCA02C993FD600A0C646 /* Build configuration list for PBXProject "sound2" */ = {
			isa = XCConfigurationList;
			buildConfigurations = (
				E127BCD02C993FD800A0C646 /* Debug */,
				E127BCD12C993FD800A0C646 /* Release */,
			);
			defaultConfigurationIsVisible = 0;
			defaultConfigurationName = Release;
		};
		E127BCD22C993FD800A0C646 /* Build configuration list for PBXNativeTarget "sound2" */ = {
			isa = XCConfigurationList;
			buildConfigurations = (
				E127BCD32C993FD800A0C646 /* Debug */,
				E127BCD42C993FD800A0C646 /* Release */,
			);
			defaultConfigurationIsVisible = 0;
			defaultConfigurationName = Release;
		};
		E127BCD52C993FD800A0C646 /* Build configuration list for PBXNativeTarget "sound2Tests" */ = {
			isa = XCConfigurationList;
			buildConfigurations = (
				E127BCD62C993FD800A0C646 /* Debug */,
				E127BCD72C993FD800A0C646 /* Release */,
			);
			defaultConfigurationIsVisible = 0;
			defaultConfigurationName = Release;
		};
		E127BCD82C993FD800A0C646 /* Build configuration list for PBXNativeTarget "sound2UITests" */ = {
			isa = XCConfigurationList;
			buildConfigurations = (
				E127BCD92C993FD800A0C646 /* Debug */,
				E127BCDA2C993FD800A0C646 /* Release */,
			);
			defaultConfigurationIsVisible = 0;
			defaultConfigurationName = Release;
		};
/* End XCConfigurationList section */
	};
	rootObject = E127BC9D2C993FD600A0C646 /* Project object */;
}
